
Microsoft Visual Studio Solution File, Format Version 12.00
# Visual Studio Version 17
VisualStudioVersion = 17.5.33530.505
MinimumVisualStudioVersion = 10.0.40219.1
Project("{FAE04EC0-301F-11D3-BF4B-00C04F79EFBC}") = "IfElseOppgave", "IfElseOppgave\IfElseOppgave.csproj", "{38714A27-33BC-414D-B35E-0BBEF90A4E88}"
EndProject
Global
	GlobalSection(SolutionConfigurationPlatforms) = preSolution
		Debug|Any CPU = Debug|Any CPU
		Release|Any CPU = Release|Any CPU
	EndGlobalSection
	GlobalSection(ProjectConfigurationPlatforms) = postSolution
		{38714A27-33BC-414D-B35E-0BBEF90A4E88}.Debug|Any CPU.ActiveCfg = Debug|Any CPU
		{38714A27-33BC-414D-B35E-0BBEF90A4E88}.Debug|Any CPU.Build.0 = Debug|Any CPU
		{38714A27-33BC-414D-B35E-0BBEF90A4E88}.Release|Any CPU.ActiveCfg = Release|Any CPU
		{38714A27-33BC-414D-B35E-0BBEF90A4E88}.Release|Any CPU.Build.0 = Release|Any CPU
	EndGlobalSection
	GlobalSection(SolutionProperties) = preSolution
		HideSolutionNode = FALSE
	EndGlobalSection
	GlobalSection(ExtensibilityGlobals) = postSolution
		SolutionGuid = {04BE1B90-4402-4EE1-B1BB-579CF93B158C}
	EndGlobalSection
EndGlobal
